
Microsoft Visual Studio Solution File, Format Version 12.00
# Visual Studio 15
Project("{FAE04EC0-301F-11D3-BF4B-00C04F79EFBC}") = "UnityEngine.TestRunner", "UnityEngine.TestRunner.csproj", "{07A56B47-0CAA-C668-AD12-D7C542D8C7B7}"
EndProject
Project("{FAE04EC0-301F-11D3-BF4B-00C04F79EFBC}") = "Unity.Mathematics", "Unity.Mathematics.csproj", "{02164623-BD30-CE5D-E668-29B53962452F}"
EndProject
Project("{FAE04EC0-301F-11D3-BF4B-00C04F79EFBC}") = "Unity.2D.Animation.Triangle.Runtime", "Unity.2D.Animation.Triangle.Runtime.csproj", "{37FF993D-3880-2043-9CE6-AB657DC94464}"
EndProject
Project("{FAE04EC0-301F-11D3-BF4B-00C04F79EFBC}") = "Unity.Timeline", "Unity.Timeline.csproj", "{5FD3AD69-3085-1844-6D27-7CA3FEA77622}"
EndProject
Project("{FAE04EC0-301F-11D3-BF4B-00C04F79EFBC}") = "UnityEngine.UI", "UnityEngine.UI.csproj", "{7F36F82D-F25F-D3AF-195D-97D5140CEE46}"
EndProject
Project("{FAE04EC0-301F-11D3-BF4B-00C04F79EFBC}") = "Unity.TextMeshPro", "Unity.TextMeshPro.csproj", "{6147560D-234D-F877-3904-B7041A8D048F}"
EndProject
Project("{FAE04EC0-301F-11D3-BF4B-00C04F79EFBC}") = "Unity.2D.Animation.Runtime", "Unity.2D.Animation.Runtime.csproj", "{B8E13EF5-27C6-AD77-0054-86F36ED1203F}"
EndProject
Project("{FAE04EC0-301F-11D3-BF4B-00C04F79EFBC}") = "Unity.2D.IK.Runtime", "Unity.2D.IK.Runtime.csproj", "{249C40BE-0BC0-513E-BE58-C665AD5E0F02}"
EndProject
Project("{FAE04EC0-301F-11D3-BF4B-00C04F79EFBC}") = "Unity.2D.SpriteShape.Runtime", "Unity.2D.SpriteShape.Runtime.csproj", "{6471BB55-73F2-4BE9-6591-46B10FFF66B5}"
EndProject
Project("{FAE04EC0-301F-11D3-BF4B-00C04F79EFBC}") = "Unity.2D.PixelPerfect", "Unity.2D.PixelPerfect.csproj", "{04C0D5C7-C9CF-71D3-9440-C0D577EB9EF8}"
EndProject
Project("{FAE04EC0-301F-11D3-BF4B-00C04F79EFBC}") = "Assembly-CSharp", "Assembly-CSharp.csproj", "{D6D0A889-7DB2-6BAF-B34A-88C44AD4BB33}"
EndProject
Project("{FAE04EC0-301F-11D3-BF4B-00C04F79EFBC}") = "Unity.2D.Common.Runtime", "Unity.2D.Common.Runtime.csproj", "{F25E7696-9AAD-AC5A-C24D-D5F72E2B478F}"
EndProject
Project("{FAE04EC0-301F-11D3-BF4B-00C04F79EFBC}") = "Unity.InternalAPIEngineBridge.001", "Unity.InternalAPIEngineBridge.001.csproj", "{F36FA2C7-0B1D-2BB2-198B-F6309322147F}"
EndProject
Project("{FAE04EC0-301F-11D3-BF4B-00C04F79EFBC}") = "UnityEditor.TestRunner", "UnityEditor.TestRunner.csproj", "{F3B0195A-C947-3BE7-F7D2-2F921E1A90C3}"
EndProject
Project("{FAE04EC0-301F-11D3-BF4B-00C04F79EFBC}") = "Unity.PlasticSCM.Editor", "Unity.PlasticSCM.Editor.csproj", "{10EF602E-026D-055D-229F-40A73CFDEF18}"
EndProject
Project("{FAE04EC0-301F-11D3-BF4B-00C04F79EFBC}") = "UnityEditor.UI", "UnityEditor.UI.csproj", "{C791FF29-8FF0-92AA-676A-9223E9F6DD6F}"
EndProject
Project("{FAE04EC0-301F-11D3-BF4B-00C04F79EFBC}") = "Unity.Services.Core.Editor", "Unity.Services.Core.Editor.csproj", "{0D1217A5-0FBB-057A-3E4F-B09D665F0AC1}"
EndProject
Project("{FAE04EC0-301F-11D3-BF4B-00C04F79EFBC}") = "Unity.Timeline.Editor", "Unity.Timeline.Editor.csproj", "{652D09E3-79DF-1172-663C-2248FA097C27}"
EndProject
Project("{FAE04EC0-301F-11D3-BF4B-00C04F79EFBC}") = "Unity.VisualStudio.Editor", "Unity.VisualStudio.Editor.csproj", "{B509149A-8301-1DEF-F6FA-34B5DEBEB703}"
EndProject
Project("{FAE04EC0-301F-11D3-BF4B-00C04F79EFBC}") = "Unity.2D.Psdimporter.Editor", "Unity.2D.Psdimporter.Editor.csproj", "{10A1B4E3-A44C-8C0A-5977-C4C60666CFCA}"
EndProject
Project("{FAE04EC0-301F-11D3-BF4B-00C04F79EFBC}") = "Unity.2D.Animation.Editor", "Unity.2D.Animation.Editor.csproj", "{9272A162-6D36-72D6-8FEB-F4001DDA98A3}"
EndProject
Project("{FAE04EC0-301F-11D3-BF4B-00C04F79EFBC}") = "Unity.TextMeshPro.Editor", "Unity.TextMeshPro.Editor.csproj", "{10A69C5D-BDFD-0D45-1BE3-BD27EB428AAB}"
EndProject
Project("{FAE04EC0-301F-11D3-BF4B-00C04F79EFBC}") = "Unity.2D.SpriteShape.Editor", "Unity.2D.SpriteShape.Editor.csproj", "{34858EEF-54B4-88D5-6A4D-C27CC6398B7D}"
EndProject
Project("{FAE04EC0-301F-11D3-BF4B-00C04F79EFBC}") = "Unity.CollabProxy.Editor", "Unity.CollabProxy.Editor.csproj", "{336D5751-CBE1-767B-9574-E42B452B47B2}"
EndProject
Project("{FAE04EC0-301F-11D3-BF4B-00C04F79EFBC}") = "PsdPlugin", "PsdPlugin.csproj", "{107D9905-EE5C-50BA-D525-EB8648BB9848}"
EndProject
Project("{FAE04EC0-301F-11D3-BF4B-00C04F79EFBC}") = "Unity.2D.Path.Editor", "Unity.2D.Path.Editor.csproj", "{7F76B828-F5D2-86F5-DA39-1D83A39DEA52}"
EndProject
Project("{FAE04EC0-301F-11D3-BF4B-00C04F79EFBC}") = "Unity.Rider.Editor", "Unity.Rider.Editor.csproj", "{AD9BC61B-D58D-6716-6243-97F0F1B52A17}"
EndProject
Project("{FAE04EC0-301F-11D3-BF4B-00C04F79EFBC}") = "Unity.2D.IK.Editor", "Unity.2D.IK.Editor.csproj", "{85296ECA-34B5-980D-BDC2-50C4AAB885A8}"
EndProject
Project("{FAE04EC0-301F-11D3-BF4B-00C04F79EFBC}") = "Unity.2D.Sprite.Editor", "Unity.2D.Sprite.Editor.csproj", "{D122FB62-B688-8D72-DAAD-9870A993B339}"
EndProject
Project("{FAE04EC0-301F-11D3-BF4B-00C04F79EFBC}") = "Unity.2D.Tilemap.Editor", "Unity.2D.Tilemap.Editor.csproj", "{0784DC25-480A-9109-0E3A-72E51B2E3C8C}"
EndProject
Project("{FAE04EC0-301F-11D3-BF4B-00C04F79EFBC}") = "Unity.2D.PixelPerfect.Editor", "Unity.2D.PixelPerfect.Editor.csproj", "{0E73BB49-6015-DDF1-0348-5640CCABAAA5}"
EndProject
Project("{FAE04EC0-301F-11D3-BF4B-00C04F79EFBC}") = "Unity.VSCode.Editor", "Unity.VSCode.Editor.csproj", "{0603498B-6692-9313-A2EA-1F647EF05DA8}"
EndProject
Project("{FAE04EC0-301F-11D3-BF4B-00C04F79EFBC}") = "Unity.2D.Common.Editor", "Unity.2D.Common.Editor.csproj", "{66A77A0F-6B93-EB2A-D78E-C528DDB74A09}"
EndProject
Project("{FAE04EC0-301F-11D3-BF4B-00C04F79EFBC}") = "Unity.Mathematics.Editor", "Unity.Mathematics.Editor.csproj", "{26D97723-0C21-4D89-FD55-75BD9E4C31B1}"
EndProject
Project("{FAE04EC0-301F-11D3-BF4B-00C04F79EFBC}") = "Unity.InternalAPIEditorBridge.001", "Unity.InternalAPIEditorBridge.001.csproj", "{AE240FD1-D79A-E611-674E-165DE2F5DA43}"
EndProject
Global
	GlobalSection(SolutionConfigurationPlatforms) = preSolution
		Debug|Any CPU = Debug|Any CPU
		Release|Any CPU = Release|Any CPU
	EndGlobalSection
	GlobalSection(ProjectConfigurationPlatforms) = postSolution
		{07A56B47-0CAA-C668-AD12-D7C542D8C7B7}.Debug|Any CPU.ActiveCfg = Debug|Any CPU
		{07A56B47-0CAA-C668-AD12-D7C542D8C7B7}.Debug|Any CPU.Build.0 = Debug|Any CPU
		{07A56B47-0CAA-C668-AD12-D7C542D8C7B7}.Release|Any CPU.ActiveCfg = Release|Any CPU
		{07A56B47-0CAA-C668-AD12-D7C542D8C7B7}.Release|Any CPU.Build.0 = Release|Any CPU
		{02164623-BD30-CE5D-E668-29B53962452F}.Debug|Any CPU.ActiveCfg = Debug|Any CPU
		{02164623-BD30-CE5D-E668-29B53962452F}.Debug|Any CPU.Build.0 = Debug|Any CPU
		{02164623-BD30-CE5D-E668-29B53962452F}.Release|Any CPU.ActiveCfg = Release|Any CPU
		{02164623-BD30-CE5D-E668-29B53962452F}.Release|Any CPU.Build.0 = Release|Any CPU
		{37FF993D-3880-2043-9CE6-AB657DC94464}.Debug|Any CPU.ActiveCfg = Debug|Any CPU
		{37FF993D-3880-2043-9CE6-AB657DC94464}.Debug|Any CPU.Build.0 = Debug|Any CPU
		{37FF993D-3880-2043-9CE6-AB657DC94464}.Release|Any CPU.ActiveCfg = Release|Any CPU
		{37FF993D-3880-2043-9CE6-AB657DC94464}.Release|Any CPU.Build.0 = Release|Any CPU
		{5FD3AD69-3085-1844-6D27-7CA3FEA77622}.Debug|Any CPU.ActiveCfg = Debug|Any CPU
		{5FD3AD69-3085-1844-6D27-7CA3FEA77622}.Debug|Any CPU.Build.0 = Debug|Any CPU
		{5FD3AD69-3085-1844-6D27-7CA3FEA77622}.Release|Any CPU.ActiveCfg = Release|Any CPU
		{5FD3AD69-3085-1844-6D27-7CA3FEA77622}.Release|Any CPU.Build.0 = Release|Any CPU
		{7F36F82D-F25F-D3AF-195D-97D5140CEE46}.Debug|Any CPU.ActiveCfg = Debug|Any CPU
		{7F36F82D-F25F-D3AF-195D-97D5140CEE46}.Debug|Any CPU.Build.0 = Debug|Any CPU
		{7F36F82D-F25F-D3AF-195D-97D5140CEE46}.Release|Any CPU.ActiveCfg = Release|Any CPU
		{7F36F82D-F25F-D3AF-195D-97D5140CEE46}.Release|Any CPU.Build.0 = Release|Any CPU
		{6147560D-234D-F877-3904-B7041A8D048F}.Debug|Any CPU.ActiveCfg = Debug|Any CPU
		{6147560D-234D-F877-3904-B7041A8D048F}.Debug|Any CPU.Build.0 = Debug|Any CPU
		{6147560D-234D-F877-3904-B7041A8D048F}.Release|Any CPU.ActiveCfg = Release|Any CPU
		{6147560D-234D-F877-3904-B7041A8D048F}.Release|Any CPU.Build.0 = Release|Any CPU
		{B8E13EF5-27C6-AD77-0054-86F36ED1203F}.Debug|Any CPU.ActiveCfg = Debug|Any CPU
		{B8E13EF5-27C6-AD77-0054-86F36ED1203F}.Debug|Any CPU.Build.0 = Debug|Any CPU
		{B8E13EF5-27C6-AD77-0054-86F36ED1203F}.Release|Any CPU.ActiveCfg = Release|Any CPU
		{B8E13EF5-27C6-AD77-0054-86F36ED1203F}.Release|Any CPU.Build.0 = Release|Any CPU
		{249C40BE-0BC0-513E-BE58-C665AD5E0F02}.Debug|Any CPU.ActiveCfg = Debug|Any CPU
		{249C40BE-0BC0-513E-BE58-C665AD5E0F02}.Debug|Any CPU.Build.0 = Debug|Any CPU
		{249C40BE-0BC0-513E-BE58-C665AD5E0F02}.Release|Any CPU.ActiveCfg = Release|Any CPU
		{249C40BE-0BC0-513E-BE58-C665AD5E0F02}.Release|Any CPU.Build.0 = Release|Any CPU
		{6471BB55-73F2-4BE9-6591-46B10FFF66B5}.Debug|Any CPU.ActiveCfg = Debug|Any CPU
		{6471BB55-73F2-4BE9-6591-46B10FFF66B5}.Debug|Any CPU.Build.0 = Debug|Any CPU
		{6471BB55-73F2-4BE9-6591-46B10FFF66B5}.Release|Any CPU.ActiveCfg = Release|Any CPU
		{6471BB55-73F2-4BE9-6591-46B10FFF66B5}.Release|Any CPU.Build.0 = Release|Any CPU
		{04C0D5C7-C9CF-71D3-9440-C0D577EB9EF8}.Debug|Any CPU.ActiveCfg = Debug|Any CPU
		{04C0D5C7-C9CF-71D3-9440-C0D577EB9EF8}.Debug|Any CPU.Build.0 = Debug|Any CPU
		{04C0D5C7-C9CF-71D3-9440-C0D577EB9EF8}.Release|Any CPU.ActiveCfg = Release|Any CPU
		{04C0D5C7-C9CF-71D3-9440-C0D577EB9EF8}.Release|Any CPU.Build.0 = Release|Any CPU
		{D6D0A889-7DB2-6BAF-B34A-88C44AD4BB33}.Debug|Any CPU.ActiveCfg = Debug|Any CPU
		{D6D0A889-7DB2-6BAF-B34A-88C44AD4BB33}.Debug|Any CPU.Build.0 = Debug|Any CPU
		{D6D0A889-7DB2-6BAF-B34A-88C44AD4BB33}.Release|Any CPU.ActiveCfg = Release|Any CPU
		{D6D0A889-7DB2-6BAF-B34A-88C44AD4BB33}.Release|Any CPU.Build.0 = Release|Any CPU
		{F25E7696-9AAD-AC5A-C24D-D5F72E2B478F}.Debug|Any CPU.ActiveCfg = Debug|Any CPU
		{F25E7696-9AAD-AC5A-C24D-D5F72E2B478F}.Debug|Any CPU.Build.0 = Debug|Any CPU
		{F25E7696-9AAD-AC5A-C24D-D5F72E2B478F}.Release|Any CPU.ActiveCfg = Release|Any CPU
		{F25E7696-9AAD-AC5A-C24D-D5F72E2B478F}.Release|Any CPU.Build.0 = Release|Any CPU
		{F36FA2C7-0B1D-2BB2-198B-F6309322147F}.Debug|Any CPU.ActiveCfg = Debug|Any CPU
		{F36FA2C7-0B1D-2BB2-198B-F6309322147F}.Debug|Any CPU.Build.0 = Debug|Any CPU
		{F36FA2C7-0B1D-2BB2-198B-F6309322147F}.Release|Any CPU.ActiveCfg = Release|Any CPU
		{F36FA2C7-0B1D-2BB2-198B-F6309322147F}.Release|Any CPU.Build.0 = Release|Any CPU
		{F3B0195A-C947-3BE7-F7D2-2F921E1A90C3}.Debug|Any CPU.ActiveCfg = Debug|Any CPU
		{F3B0195A-C947-3BE7-F7D2-2F921E1A90C3}.Debug|Any CPU.Build.0 = Debug|Any CPU
		{F3B0195A-C947-3BE7-F7D2-2F921E1A90C3}.Release|Any CPU.ActiveCfg = Release|Any CPU
		{F3B0195A-C947-3BE7-F7D2-2F921E1A90C3}.Release|Any CPU.Build.0 = Release|Any CPU
		{10EF602E-026D-055D-229F-40A73CFDEF18}.Debug|Any CPU.ActiveCfg = Debug|Any CPU
		{10EF602E-026D-055D-229F-40A73CFDEF18}.Debug|Any CPU.Build.0 = Debug|Any CPU
		{10EF602E-026D-055D-229F-40A73CFDEF18}.Release|Any CPU.ActiveCfg = Release|Any CPU
		{10EF602E-026D-055D-229F-40A73CFDEF18}.Release|Any CPU.Build.0 = Release|Any CPU
		{C791FF29-8FF0-92AA-676A-9223E9F6DD6F}.Debug|Any CPU.ActiveCfg = Debug|Any CPU
		{C791FF29-8FF0-92AA-676A-9223E9F6DD6F}.Debug|Any CPU.Build.0 = Debug|Any CPU
		{C791FF29-8FF0-92AA-676A-9223E9F6DD6F}.Release|Any CPU.ActiveCfg = Release|Any CPU
		{C791FF29-8FF0-92AA-676A-9223E9F6DD6F}.Release|Any CPU.Build.0 = Release|Any CPU
		{0D1217A5-0FBB-057A-3E4F-B09D665F0AC1}.Debug|Any CPU.ActiveCfg = Debug|Any CPU
		{0D1217A5-0FBB-057A-3E4F-B09D665F0AC1}.Debug|Any CPU.Build.0 = Debug|Any CPU
		{0D1217A5-0FBB-057A-3E4F-B09D665F0AC1}.Release|Any CPU.ActiveCfg = Release|Any CPU
		{0D1217A5-0FBB-057A-3E4F-B09D665F0AC1}.Release|Any CPU.Build.0 = Release|Any CPU
		{652D09E3-79DF-1172-663C-2248FA097C27}.Debug|Any CPU.ActiveCfg = Debug|Any CPU
		{652D09E3-79DF-1172-663C-2248FA097C27}.Debug|Any CPU.Build.0 = Debug|Any CPU
		{652D09E3-79DF-1172-663C-2248FA097C27}.Release|Any CPU.ActiveCfg = Release|Any CPU
		{652D09E3-79DF-1172-663C-2248FA097C27}.Release|Any CPU.Build.0 = Release|Any CPU
		{B509149A-8301-1DEF-F6FA-34B5DEBEB703}.Debug|Any CPU.ActiveCfg = Debug|Any CPU
		{B509149A-8301-1DEF-F6FA-34B5DEBEB703}.Debug|Any CPU.Build.0 = Debug|Any CPU
		{B509149A-8301-1DEF-F6FA-34B5DEBEB703}.Release|Any CPU.ActiveCfg = Release|Any CPU
		{B509149A-8301-1DEF-F6FA-34B5DEBEB703}.Release|Any CPU.Build.0 = Release|Any CPU
		{10A1B4E3-A44C-8C0A-5977-C4C60666CFCA}.Debug|Any CPU.ActiveCfg = Debug|Any CPU
		{10A1B4E3-A44C-8C0A-5977-C4C60666CFCA}.Debug|Any CPU.Build.0 = Debug|Any CPU
		{10A1B4E3-A44C-8C0A-5977-C4C60666CFCA}.Release|Any CPU.ActiveCfg = Release|Any CPU
		{10A1B4E3-A44C-8C0A-5977-C4C60666CFCA}.Release|Any CPU.Build.0 = Release|Any CPU
		{9272A162-6D36-72D6-8FEB-F4001DDA98A3}.Debug|Any CPU.ActiveCfg = Debug|Any CPU
		{9272A162-6D36-72D6-8FEB-F4001DDA98A3}.Debug|Any CPU.Build.0 = Debug|Any CPU
		{9272A162-6D36-72D6-8FEB-F4001DDA98A3}.Release|Any CPU.ActiveCfg = Release|Any CPU
		{9272A162-6D36-72D6-8FEB-F4001DDA98A3}.Release|Any CPU.Build.0 = Release|Any CPU
		{10A69C5D-BDFD-0D45-1BE3-BD27EB428AAB}.Debug|Any CPU.ActiveCfg = Debug|Any CPU
		{10A69C5D-BDFD-0D45-1BE3-BD27EB428AAB}.Debug|Any CPU.Build.0 = Debug|Any CPU
		{10A69C5D-BDFD-0D45-1BE3-BD27EB428AAB}.Release|Any CPU.ActiveCfg = Release|Any CPU
		{10A69C5D-BDFD-0D45-1BE3-BD27EB428AAB}.Release|Any CPU.Build.0 = Release|Any CPU
		{34858EEF-54B4-88D5-6A4D-C27CC6398B7D}.Debug|Any CPU.ActiveCfg = Debug|Any CPU
		{34858EEF-54B4-88D5-6A4D-C27CC6398B7D}.Debug|Any CPU.Build.0 = Debug|Any CPU
		{34858EEF-54B4-88D5-6A4D-C27CC6398B7D}.Release|Any CPU.ActiveCfg = Release|Any CPU
		{34858EEF-54B4-88D5-6A4D-C27CC6398B7D}.Release|Any CPU.Build.0 = Release|Any CPU
		{336D5751-CBE1-767B-9574-E42B452B47B2}.Debug|Any CPU.ActiveCfg = Debug|Any CPU
		{336D5751-CBE1-767B-9574-E42B452B47B2}.Debug|Any CPU.Build.0 = Debug|Any CPU
		{336D5751-CBE1-767B-9574-E42B452B47B2}.Release|Any CPU.ActiveCfg = Release|Any CPU
		{336D5751-CBE1-767B-9574-E42B452B47B2}.Release|Any CPU.Build.0 = Release|Any CPU
		{107D9905-EE5C-50BA-D525-EB8648BB9848}.Debug|Any CPU.ActiveCfg = Debug|Any CPU
		{107D9905-EE5C-50BA-D525-EB8648BB9848}.Debug|Any CPU.Build.0 = Debug|Any CPU
		{107D9905-EE5C-50BA-D525-EB8648BB9848}.Release|Any CPU.ActiveCfg = Release|Any CPU
		{107D9905-EE5C-50BA-D525-EB8648BB9848}.Release|Any CPU.Build.0 = Release|Any CPU
		{7F76B828-F5D2-86F5-DA39-1D83A39DEA52}.Debug|Any CPU.ActiveCfg = Debug|Any CPU
		{7F76B828-F5D2-86F5-DA39-1D83A39DEA52}.Debug|Any CPU.Build.0 = Debug|Any CPU
		{7F76B828-F5D2-86F5-DA39-1D83A39DEA52}.Release|Any CPU.ActiveCfg = Release|Any CPU
		{7F76B828-F5D2-86F5-DA39-1D83A39DEA52}.Release|Any CPU.Build.0 = Release|Any CPU
		{AD9BC61B-D58D-6716-6243-97F0F1B52A17}.Debug|Any CPU.ActiveCfg = Debug|Any CPU
		{AD9BC61B-D58D-6716-6243-97F0F1B52A17}.Debug|Any CPU.Build.0 = Debug|Any CPU
		{AD9BC61B-D58D-6716-6243-97F0F1B52A17}.Release|Any CPU.ActiveCfg = Release|Any CPU
		{AD9BC61B-D58D-6716-6243-97F0F1B52A17}.Release|Any CPU.Build.0 = Release|Any CPU
		{85296ECA-34B5-980D-BDC2-50C4AAB885A8}.Debug|Any CPU.ActiveCfg = Debug|Any CPU
		{85296ECA-34B5-980D-BDC2-50C4AAB885A8}.Debug|Any CPU.Build.0 = Debug|Any CPU
		{85296ECA-34B5-980D-BDC2-50C4AAB885A8}.Release|Any CPU.ActiveCfg = Release|Any CPU
		{85296ECA-34B5-980D-BDC2-50C4AAB885A8}.Release|Any CPU.Build.0 = Release|Any CPU
		{D122FB62-B688-8D72-DAAD-9870A993B339}.Debug|Any CPU.ActiveCfg = Debug|Any CPU
		{D122FB62-B688-8D72-DAAD-9870A993B339}.Debug|Any CPU.Build.0 = Debug|Any CPU
		{D122FB62-B688-8D72-DAAD-9870A993B339}.Release|Any CPU.ActiveCfg = Release|Any CPU
		{D122FB62-B688-8D72-DAAD-9870A993B339}.Release|Any CPU.Build.0 = Release|Any CPU
		{0784DC25-480A-9109-0E3A-72E51B2E3C8C}.Debug|Any CPU.ActiveCfg = Debug|Any CPU
		{0784DC25-480A-9109-0E3A-72E51B2E3C8C}.Debug|Any CPU.Build.0 = Debug|Any CPU
		{0784DC25-480A-9109-0E3A-72E51B2E3C8C}.Release|Any CPU.ActiveCfg = Release|Any CPU
		{0784DC25-480A-9109-0E3A-72E51B2E3C8C}.Release|Any CPU.Build.0 = Release|Any CPU
		{0E73BB49-6015-DDF1-0348-5640CCABAAA5}.Debug|Any CPU.ActiveCfg = Debug|Any CPU
		{0E73BB49-6015-DDF1-0348-5640CCABAAA5}.Debug|Any CPU.Build.0 = Debug|Any CPU
		{0E73BB49-6015-DDF1-0348-5640CCABAAA5}.Release|Any CPU.ActiveCfg = Release|Any CPU
		{0E73BB49-6015-DDF1-0348-5640CCABAAA5}.Release|Any CPU.Build.0 = Release|Any CPU
		{0603498B-6692-9313-A2EA-1F647EF05DA8}.Debug|Any CPU.ActiveCfg = Debug|Any CPU
		{0603498B-6692-9313-A2EA-1F647EF05DA8}.Debug|Any CPU.Build.0 = Debug|Any CPU
		{0603498B-6692-9313-A2EA-1F647EF05DA8}.Release|Any CPU.ActiveCfg = Release|Any CPU
		{0603498B-6692-9313-A2EA-1F647EF05DA8}.Release|Any CPU.Build.0 = Release|Any CPU
		{66A77A0F-6B93-EB2A-D78E-C528DDB74A09}.Debug|Any CPU.ActiveCfg = Debug|Any CPU
		{66A77A0F-6B93-EB2A-D78E-C528DDB74A09}.Debug|Any CPU.Build.0 = Debug|Any CPU
		{66A77A0F-6B93-EB2A-D78E-C528DDB74A09}.Release|Any CPU.ActiveCfg = Release|Any CPU
		{66A77A0F-6B93-EB2A-D78E-C528DDB74A09}.Release|Any CPU.Build.0 = Release|Any CPU
		{26D97723-0C21-4D89-FD55-75BD9E4C31B1}.Debug|Any CPU.ActiveCfg = Debug|Any CPU
		{26D97723-0C21-4D89-FD55-75BD9E4C31B1}.Debug|Any CPU.Build.0 = Debug|Any CPU
		{26D97723-0C21-4D89-FD55-75BD9E4C31B1}.Release|Any CPU.ActiveCfg = Release|Any CPU
		{26D97723-0C21-4D89-FD55-75BD9E4C31B1}.Release|Any CPU.Build.0 = Release|Any CPU
		{AE240FD1-D79A-E611-674E-165DE2F5DA43}.Debug|Any CPU.ActiveCfg = Debug|Any CPU
		{AE240FD1-D79A-E611-674E-165DE2F5DA43}.Debug|Any CPU.Build.0 = Debug|Any CPU
		{AE240FD1-D79A-E611-674E-165DE2F5DA43}.Release|Any CPU.ActiveCfg = Release|Any CPU
		{AE240FD1-D79A-E611-674E-165DE2F5DA43}.Release|Any CPU.Build.0 = Release|Any CPU
	EndGlobalSection
	GlobalSection(SolutionProperties) = preSolution
		HideSolutionNode = FALSE
	EndGlobalSection
EndGlobal
