
Microsoft Visual Studio Solution File, Format Version 12.00
# Visual Studio 15
Project("{FAE04EC0-301F-11D3-BF4B-00C04F79EFBC}") = "UnityEngine.TestRunner", "UnityEngine.TestRunner.csproj", "{670257BB-7723-E70B-92BE-1D6DD741DF56}"
EndProject
Project("{FAE04EC0-301F-11D3-BF4B-00C04F79EFBC}") = "Unity.Mathematics", "Unity.Mathematics.csproj", "{78F0479B-2920-3586-A739-977568A2C4B3}"
EndProject
Project("{FAE04EC0-301F-11D3-BF4B-00C04F79EFBC}") = "Unity.2D.Animation.Triangle.Runtime", "Unity.2D.Animation.Triangle.Runtime.csproj", "{79A8531C-DB03-3AE6-8CB8-C0A918DFC4C5}"
EndProject
Project("{FAE04EC0-301F-11D3-BF4B-00C04F79EFBC}") = "Unity.Timeline", "Unity.Timeline.csproj", "{E97159A6-AA50-B08F-540B-E8433D5BF5DD}"
EndProject
Project("{FAE04EC0-301F-11D3-BF4B-00C04F79EFBC}") = "UnityEngine.UI", "UnityEngine.UI.csproj", "{B0CE7B0D-3EC8-34D2-01AA-47622E0ED70F}"
EndProject
Project("{FAE04EC0-301F-11D3-BF4B-00C04F79EFBC}") = "Unity.TextMeshPro", "Unity.TextMeshPro.csproj", "{377153F7-675C-6C27-E7FF-A4421F25D51F}"
EndProject
Project("{FAE04EC0-301F-11D3-BF4B-00C04F79EFBC}") = "Unity.2D.Animation.Runtime", "Unity.2D.Animation.Runtime.csproj", "{D92C99C3-65B9-EB6E-0F66-93752ECCBEA9}"
EndProject
Project("{FAE04EC0-301F-11D3-BF4B-00C04F79EFBC}") = "Unity.2D.IK.Runtime", "Unity.2D.IK.Runtime.csproj", "{D9C5E492-66EA-7AA0-D95A-D201D5D4F223}"
EndProject
Project("{FAE04EC0-301F-11D3-BF4B-00C04F79EFBC}") = "Unity.2D.SpriteShape.Runtime", "Unity.2D.SpriteShape.Runtime.csproj", "{1AF31E58-C5C8-F2CD-195B-4BDF138A963F}"
EndProject
Project("{FAE04EC0-301F-11D3-BF4B-00C04F79EFBC}") = "Unity.2D.PixelPerfect", "Unity.2D.PixelPerfect.csproj", "{FF643D5B-4337-162A-8E8B-5106472811CB}"
EndProject
Project("{FAE04EC0-301F-11D3-BF4B-00C04F79EFBC}") = "Unity.2D.Common.Runtime", "Unity.2D.Common.Runtime.csproj", "{ED1CA1FD-F855-1C76-53B3-F2BD9AA3C795}"
EndProject
Project("{FAE04EC0-301F-11D3-BF4B-00C04F79EFBC}") = "Unity.InternalAPIEngineBridge.001", "Unity.InternalAPIEngineBridge.001.csproj", "{E9C7C064-338A-74D4-A5D0-5DFB4669D387}"
EndProject
Project("{FAE04EC0-301F-11D3-BF4B-00C04F79EFBC}") = "Assembly-CSharp", "Assembly-CSharp.csproj", "{99A59A99-6E0C-601C-5B1C-82AA82DAF783}"
EndProject
Project("{FAE04EC0-301F-11D3-BF4B-00C04F79EFBC}") = "Unity.Burst", "Unity.Burst.csproj", "{AF6198BE-C0DD-7FF5-3D49-FBFC1EC6BFE1}"
EndProject
Project("{FAE04EC0-301F-11D3-BF4B-00C04F79EFBC}") = "Unity.Collections", "Unity.Collections.csproj", "{FDAC6F07-6416-F163-B5DB-EB9365CC1032}"
EndProject
Project("{FAE04EC0-301F-11D3-BF4B-00C04F79EFBC}") = "Unity.Networking.Transport", "Unity.Networking.Transport.csproj", "{19A34CFC-6D98-C8B0-96B8-597B36F29194}"
EndProject
Project("{FAE04EC0-301F-11D3-BF4B-00C04F79EFBC}") = "UnityEditor.TestRunner", "UnityEditor.TestRunner.csproj", "{50747CC6-87E4-0676-C479-77AFB4D24E17}"
EndProject
Project("{FAE04EC0-301F-11D3-BF4B-00C04F79EFBC}") = "Unity.PlasticSCM.Editor", "Unity.PlasticSCM.Editor.csproj", "{799D9990-1FD3-DE6B-6EB8-6C207D5A44C9}"
EndProject
Project("{FAE04EC0-301F-11D3-BF4B-00C04F79EFBC}") = "UnityEditor.UI", "UnityEditor.UI.csproj", "{D3B83B09-CB0C-6545-CF84-36BBEF91035A}"
EndProject
Project("{FAE04EC0-301F-11D3-BF4B-00C04F79EFBC}") = "Unity.Services.Core.Editor", "Unity.Services.Core.Editor.csproj", "{26317059-F6C0-EF9D-8CB1-904FA36009F5}"
EndProject
Project("{FAE04EC0-301F-11D3-BF4B-00C04F79EFBC}") = "Unity.Timeline.Editor", "Unity.Timeline.Editor.csproj", "{448F598C-B519-6070-3F2F-0AE69F0A08A4}"
EndProject
Project("{FAE04EC0-301F-11D3-BF4B-00C04F79EFBC}") = "Unity.VisualStudio.Editor", "Unity.VisualStudio.Editor.csproj", "{503E1370-7C78-C42F-9D22-7659111227D8}"
EndProject
Project("{FAE04EC0-301F-11D3-BF4B-00C04F79EFBC}") = "Unity.2D.Psdimporter.Editor", "Unity.2D.Psdimporter.Editor.csproj", "{1F695CB6-C487-39C7-18BA-A34F25ECE1E9}"
EndProject
Project("{FAE04EC0-301F-11D3-BF4B-00C04F79EFBC}") = "Unity.2D.Animation.Editor", "Unity.2D.Animation.Editor.csproj", "{A8FA1498-387C-C124-07B8-5370DF5304A5}"
EndProject
Project("{FAE04EC0-301F-11D3-BF4B-00C04F79EFBC}") = "Unity.TextMeshPro.Editor", "Unity.TextMeshPro.Editor.csproj", "{526E33CB-0869-4626-41FA-A84816E5BD54}"
EndProject
Project("{FAE04EC0-301F-11D3-BF4B-00C04F79EFBC}") = "Unity.2D.SpriteShape.Editor", "Unity.2D.SpriteShape.Editor.csproj", "{084EDA58-7ED3-A411-B05D-955227EE62D7}"
EndProject
Project("{FAE04EC0-301F-11D3-BF4B-00C04F79EFBC}") = "Unity.CollabProxy.Editor", "Unity.CollabProxy.Editor.csproj", "{9861B4CB-EB56-6B23-11C4-9850B226529E}"
EndProject
Project("{FAE04EC0-301F-11D3-BF4B-00C04F79EFBC}") = "PsdPlugin", "PsdPlugin.csproj", "{1685FD0C-5A46-96EE-3665-C3E1AC852609}"
EndProject
Project("{FAE04EC0-301F-11D3-BF4B-00C04F79EFBC}") = "Unity.2D.Path.Editor", "Unity.2D.Path.Editor.csproj", "{FAB5E9FB-9BE5-075E-EFAB-A258CD83B9AF}"
EndProject
Project("{FAE04EC0-301F-11D3-BF4B-00C04F79EFBC}") = "Unity.Rider.Editor", "Unity.Rider.Editor.csproj", "{335506AE-6506-1285-451F-05211EF37C69}"
EndProject
Project("{FAE04EC0-301F-11D3-BF4B-00C04F79EFBC}") = "Unity.2D.IK.Editor", "Unity.2D.IK.Editor.csproj", "{59FC691B-4CF4-91A2-0ADD-094E6916BE6F}"
EndProject
Project("{FAE04EC0-301F-11D3-BF4B-00C04F79EFBC}") = "Unity.2D.Sprite.Editor", "Unity.2D.Sprite.Editor.csproj", "{43619FE5-71ED-EF48-38F1-45DF7F67B69E}"
EndProject
Project("{FAE04EC0-301F-11D3-BF4B-00C04F79EFBC}") = "Unity.2D.Tilemap.Editor", "Unity.2D.Tilemap.Editor.csproj", "{9E063651-69B9-855C-E918-1BE6AAF9D009}"
EndProject
Project("{FAE04EC0-301F-11D3-BF4B-00C04F79EFBC}") = "Unity.2D.PixelPerfect.Editor", "Unity.2D.PixelPerfect.Editor.csproj", "{D6DD038D-4E8D-C715-181A-154B1D2823D2}"
EndProject
Project("{FAE04EC0-301F-11D3-BF4B-00C04F79EFBC}") = "Unity.VSCode.Editor", "Unity.VSCode.Editor.csproj", "{2452BA61-F5AC-B62A-1F0C-9D2829714B3F}"
EndProject
Project("{FAE04EC0-301F-11D3-BF4B-00C04F79EFBC}") = "Unity.2D.Common.Editor", "Unity.2D.Common.Editor.csproj", "{221F40EA-37B4-59F2-9033-6B1F8FCB97D4}"
EndProject
Project("{FAE04EC0-301F-11D3-BF4B-00C04F79EFBC}") = "Unity.Mathematics.Editor", "Unity.Mathematics.Editor.csproj", "{4D930101-3CA5-8AE5-3C70-3459D31DCF5A}"
EndProject
Project("{FAE04EC0-301F-11D3-BF4B-00C04F79EFBC}") = "Unity.InternalAPIEditorBridge.001", "Unity.InternalAPIEditorBridge.001.csproj", "{CC45ECE0-7C8B-A060-BB4E-8AC9254C3361}"
EndProject
Project("{FAE04EC0-301F-11D3-BF4B-00C04F79EFBC}") = "Unity.Burst.CodeGen", "Unity.Burst.CodeGen.csproj", "{C5BC47C2-6FE6-5199-6028-43CC9AE11812}"
EndProject
Project("{FAE04EC0-301F-11D3-BF4B-00C04F79EFBC}") = "Unity.Collections.BurstCompatibilityGen", "Unity.Collections.BurstCompatibilityGen.csproj", "{54B7D24B-F04D-6126-FBBB-35A4E49C8A2D}"
EndProject
Project("{FAE04EC0-301F-11D3-BF4B-00C04F79EFBC}") = "Unity.Burst.Editor", "Unity.Burst.Editor.csproj", "{D866BEB9-FE99-884E-1BEE-13E395A490D6}"
EndProject
Project("{FAE04EC0-301F-11D3-BF4B-00C04F79EFBC}") = "Unity.Networking.Editor", "Unity.Networking.Editor.csproj", "{4CF19F5E-CA85-4F87-6150-5371E8799D98}"
EndProject
Global
	GlobalSection(SolutionConfigurationPlatforms) = preSolution
		Debug|Any CPU = Debug|Any CPU
		Release|Any CPU = Release|Any CPU
	EndGlobalSection
	GlobalSection(ProjectConfigurationPlatforms) = postSolution
		{670257BB-7723-E70B-92BE-1D6DD741DF56}.Debug|Any CPU.ActiveCfg = Debug|Any CPU
		{670257BB-7723-E70B-92BE-1D6DD741DF56}.Debug|Any CPU.Build.0 = Debug|Any CPU
		{670257BB-7723-E70B-92BE-1D6DD741DF56}.Release|Any CPU.ActiveCfg = Release|Any CPU
		{670257BB-7723-E70B-92BE-1D6DD741DF56}.Release|Any CPU.Build.0 = Release|Any CPU
		{78F0479B-2920-3586-A739-977568A2C4B3}.Debug|Any CPU.ActiveCfg = Debug|Any CPU
		{78F0479B-2920-3586-A739-977568A2C4B3}.Debug|Any CPU.Build.0 = Debug|Any CPU
		{78F0479B-2920-3586-A739-977568A2C4B3}.Release|Any CPU.ActiveCfg = Release|Any CPU
		{78F0479B-2920-3586-A739-977568A2C4B3}.Release|Any CPU.Build.0 = Release|Any CPU
		{79A8531C-DB03-3AE6-8CB8-C0A918DFC4C5}.Debug|Any CPU.ActiveCfg = Debug|Any CPU
		{79A8531C-DB03-3AE6-8CB8-C0A918DFC4C5}.Debug|Any CPU.Build.0 = Debug|Any CPU
		{79A8531C-DB03-3AE6-8CB8-C0A918DFC4C5}.Release|Any CPU.ActiveCfg = Release|Any CPU
		{79A8531C-DB03-3AE6-8CB8-C0A918DFC4C5}.Release|Any CPU.Build.0 = Release|Any CPU
		{E97159A6-AA50-B08F-540B-E8433D5BF5DD}.Debug|Any CPU.ActiveCfg = Debug|Any CPU
		{E97159A6-AA50-B08F-540B-E8433D5BF5DD}.Debug|Any CPU.Build.0 = Debug|Any CPU
		{E97159A6-AA50-B08F-540B-E8433D5BF5DD}.Release|Any CPU.ActiveCfg = Release|Any CPU
		{E97159A6-AA50-B08F-540B-E8433D5BF5DD}.Release|Any CPU.Build.0 = Release|Any CPU
		{B0CE7B0D-3EC8-34D2-01AA-47622E0ED70F}.Debug|Any CPU.ActiveCfg = Debug|Any CPU
		{B0CE7B0D-3EC8-34D2-01AA-47622E0ED70F}.Debug|Any CPU.Build.0 = Debug|Any CPU
		{B0CE7B0D-3EC8-34D2-01AA-47622E0ED70F}.Release|Any CPU.ActiveCfg = Release|Any CPU
		{B0CE7B0D-3EC8-34D2-01AA-47622E0ED70F}.Release|Any CPU.Build.0 = Release|Any CPU
		{377153F7-675C-6C27-E7FF-A4421F25D51F}.Debug|Any CPU.ActiveCfg = Debug|Any CPU
		{377153F7-675C-6C27-E7FF-A4421F25D51F}.Debug|Any CPU.Build.0 = Debug|Any CPU
		{377153F7-675C-6C27-E7FF-A4421F25D51F}.Release|Any CPU.ActiveCfg = Release|Any CPU
		{377153F7-675C-6C27-E7FF-A4421F25D51F}.Release|Any CPU.Build.0 = Release|Any CPU
		{D92C99C3-65B9-EB6E-0F66-93752ECCBEA9}.Debug|Any CPU.ActiveCfg = Debug|Any CPU
		{D92C99C3-65B9-EB6E-0F66-93752ECCBEA9}.Debug|Any CPU.Build.0 = Debug|Any CPU
		{D92C99C3-65B9-EB6E-0F66-93752ECCBEA9}.Release|Any CPU.ActiveCfg = Release|Any CPU
		{D92C99C3-65B9-EB6E-0F66-93752ECCBEA9}.Release|Any CPU.Build.0 = Release|Any CPU
		{D9C5E492-66EA-7AA0-D95A-D201D5D4F223}.Debug|Any CPU.ActiveCfg = Debug|Any CPU
		{D9C5E492-66EA-7AA0-D95A-D201D5D4F223}.Debug|Any CPU.Build.0 = Debug|Any CPU
		{D9C5E492-66EA-7AA0-D95A-D201D5D4F223}.Release|Any CPU.ActiveCfg = Release|Any CPU
		{D9C5E492-66EA-7AA0-D95A-D201D5D4F223}.Release|Any CPU.Build.0 = Release|Any CPU
		{1AF31E58-C5C8-F2CD-195B-4BDF138A963F}.Debug|Any CPU.ActiveCfg = Debug|Any CPU
		{1AF31E58-C5C8-F2CD-195B-4BDF138A963F}.Debug|Any CPU.Build.0 = Debug|Any CPU
		{1AF31E58-C5C8-F2CD-195B-4BDF138A963F}.Release|Any CPU.ActiveCfg = Release|Any CPU
		{1AF31E58-C5C8-F2CD-195B-4BDF138A963F}.Release|Any CPU.Build.0 = Release|Any CPU
		{FF643D5B-4337-162A-8E8B-5106472811CB}.Debug|Any CPU.ActiveCfg = Debug|Any CPU
		{FF643D5B-4337-162A-8E8B-5106472811CB}.Debug|Any CPU.Build.0 = Debug|Any CPU
		{FF643D5B-4337-162A-8E8B-5106472811CB}.Release|Any CPU.ActiveCfg = Release|Any CPU
		{FF643D5B-4337-162A-8E8B-5106472811CB}.Release|Any CPU.Build.0 = Release|Any CPU
		{ED1CA1FD-F855-1C76-53B3-F2BD9AA3C795}.Debug|Any CPU.ActiveCfg = Debug|Any CPU
		{ED1CA1FD-F855-1C76-53B3-F2BD9AA3C795}.Debug|Any CPU.Build.0 = Debug|Any CPU
		{ED1CA1FD-F855-1C76-53B3-F2BD9AA3C795}.Release|Any CPU.ActiveCfg = Release|Any CPU
		{ED1CA1FD-F855-1C76-53B3-F2BD9AA3C795}.Release|Any CPU.Build.0 = Release|Any CPU
		{E9C7C064-338A-74D4-A5D0-5DFB4669D387}.Debug|Any CPU.ActiveCfg = Debug|Any CPU
		{E9C7C064-338A-74D4-A5D0-5DFB4669D387}.Debug|Any CPU.Build.0 = Debug|Any CPU
		{E9C7C064-338A-74D4-A5D0-5DFB4669D387}.Release|Any CPU.ActiveCfg = Release|Any CPU
		{E9C7C064-338A-74D4-A5D0-5DFB4669D387}.Release|Any CPU.Build.0 = Release|Any CPU
		{99A59A99-6E0C-601C-5B1C-82AA82DAF783}.Debug|Any CPU.ActiveCfg = Debug|Any CPU
		{99A59A99-6E0C-601C-5B1C-82AA82DAF783}.Debug|Any CPU.Build.0 = Debug|Any CPU
		{99A59A99-6E0C-601C-5B1C-82AA82DAF783}.Release|Any CPU.ActiveCfg = Release|Any CPU
		{99A59A99-6E0C-601C-5B1C-82AA82DAF783}.Release|Any CPU.Build.0 = Release|Any CPU
		{AF6198BE-C0DD-7FF5-3D49-FBFC1EC6BFE1}.Debug|Any CPU.ActiveCfg = Debug|Any CPU
		{AF6198BE-C0DD-7FF5-3D49-FBFC1EC6BFE1}.Debug|Any CPU.Build.0 = Debug|Any CPU
		{AF6198BE-C0DD-7FF5-3D49-FBFC1EC6BFE1}.Release|Any CPU.ActiveCfg = Release|Any CPU
		{AF6198BE-C0DD-7FF5-3D49-FBFC1EC6BFE1}.Release|Any CPU.Build.0 = Release|Any CPU
		{FDAC6F07-6416-F163-B5DB-EB9365CC1032}.Debug|Any CPU.ActiveCfg = Debug|Any CPU
		{FDAC6F07-6416-F163-B5DB-EB9365CC1032}.Debug|Any CPU.Build.0 = Debug|Any CPU
		{FDAC6F07-6416-F163-B5DB-EB9365CC1032}.Release|Any CPU.ActiveCfg = Release|Any CPU
		{FDAC6F07-6416-F163-B5DB-EB9365CC1032}.Release|Any CPU.Build.0 = Release|Any CPU
		{19A34CFC-6D98-C8B0-96B8-597B36F29194}.Debug|Any CPU.ActiveCfg = Debug|Any CPU
		{19A34CFC-6D98-C8B0-96B8-597B36F29194}.Debug|Any CPU.Build.0 = Debug|Any CPU
		{19A34CFC-6D98-C8B0-96B8-597B36F29194}.Release|Any CPU.ActiveCfg = Release|Any CPU
		{19A34CFC-6D98-C8B0-96B8-597B36F29194}.Release|Any CPU.Build.0 = Release|Any CPU
		{50747CC6-87E4-0676-C479-77AFB4D24E17}.Debug|Any CPU.ActiveCfg = Debug|Any CPU
		{50747CC6-87E4-0676-C479-77AFB4D24E17}.Debug|Any CPU.Build.0 = Debug|Any CPU
		{50747CC6-87E4-0676-C479-77AFB4D24E17}.Release|Any CPU.ActiveCfg = Release|Any CPU
		{50747CC6-87E4-0676-C479-77AFB4D24E17}.Release|Any CPU.Build.0 = Release|Any CPU
		{799D9990-1FD3-DE6B-6EB8-6C207D5A44C9}.Debug|Any CPU.ActiveCfg = Debug|Any CPU
		{799D9990-1FD3-DE6B-6EB8-6C207D5A44C9}.Debug|Any CPU.Build.0 = Debug|Any CPU
		{799D9990-1FD3-DE6B-6EB8-6C207D5A44C9}.Release|Any CPU.ActiveCfg = Release|Any CPU
		{799D9990-1FD3-DE6B-6EB8-6C207D5A44C9}.Release|Any CPU.Build.0 = Release|Any CPU
		{D3B83B09-CB0C-6545-CF84-36BBEF91035A}.Debug|Any CPU.ActiveCfg = Debug|Any CPU
		{D3B83B09-CB0C-6545-CF84-36BBEF91035A}.Debug|Any CPU.Build.0 = Debug|Any CPU
		{D3B83B09-CB0C-6545-CF84-36BBEF91035A}.Release|Any CPU.ActiveCfg = Release|Any CPU
		{D3B83B09-CB0C-6545-CF84-36BBEF91035A}.Release|Any CPU.Build.0 = Release|Any CPU
		{26317059-F6C0-EF9D-8CB1-904FA36009F5}.Debug|Any CPU.ActiveCfg = Debug|Any CPU
		{26317059-F6C0-EF9D-8CB1-904FA36009F5}.Debug|Any CPU.Build.0 = Debug|Any CPU
		{26317059-F6C0-EF9D-8CB1-904FA36009F5}.Release|Any CPU.ActiveCfg = Release|Any CPU
		{26317059-F6C0-EF9D-8CB1-904FA36009F5}.Release|Any CPU.Build.0 = Release|Any CPU
		{448F598C-B519-6070-3F2F-0AE69F0A08A4}.Debug|Any CPU.ActiveCfg = Debug|Any CPU
		{448F598C-B519-6070-3F2F-0AE69F0A08A4}.Debug|Any CPU.Build.0 = Debug|Any CPU
		{448F598C-B519-6070-3F2F-0AE69F0A08A4}.Release|Any CPU.ActiveCfg = Release|Any CPU
		{448F598C-B519-6070-3F2F-0AE69F0A08A4}.Release|Any CPU.Build.0 = Release|Any CPU
		{503E1370-7C78-C42F-9D22-7659111227D8}.Debug|Any CPU.ActiveCfg = Debug|Any CPU
		{503E1370-7C78-C42F-9D22-7659111227D8}.Debug|Any CPU.Build.0 = Debug|Any CPU
		{503E1370-7C78-C42F-9D22-7659111227D8}.Release|Any CPU.ActiveCfg = Release|Any CPU
		{503E1370-7C78-C42F-9D22-7659111227D8}.Release|Any CPU.Build.0 = Release|Any CPU
		{1F695CB6-C487-39C7-18BA-A34F25ECE1E9}.Debug|Any CPU.ActiveCfg = Debug|Any CPU
		{1F695CB6-C487-39C7-18BA-A34F25ECE1E9}.Debug|Any CPU.Build.0 = Debug|Any CPU
		{1F695CB6-C487-39C7-18BA-A34F25ECE1E9}.Release|Any CPU.ActiveCfg = Release|Any CPU
		{1F695CB6-C487-39C7-18BA-A34F25ECE1E9}.Release|Any CPU.Build.0 = Release|Any CPU
		{A8FA1498-387C-C124-07B8-5370DF5304A5}.Debug|Any CPU.ActiveCfg = Debug|Any CPU
		{A8FA1498-387C-C124-07B8-5370DF5304A5}.Debug|Any CPU.Build.0 = Debug|Any CPU
		{A8FA1498-387C-C124-07B8-5370DF5304A5}.Release|Any CPU.ActiveCfg = Release|Any CPU
		{A8FA1498-387C-C124-07B8-5370DF5304A5}.Release|Any CPU.Build.0 = Release|Any CPU
		{526E33CB-0869-4626-41FA-A84816E5BD54}.Debug|Any CPU.ActiveCfg = Debug|Any CPU
		{526E33CB-0869-4626-41FA-A84816E5BD54}.Debug|Any CPU.Build.0 = Debug|Any CPU
		{526E33CB-0869-4626-41FA-A84816E5BD54}.Release|Any CPU.ActiveCfg = Release|Any CPU
		{526E33CB-0869-4626-41FA-A84816E5BD54}.Release|Any CPU.Build.0 = Release|Any CPU
		{084EDA58-7ED3-A411-B05D-955227EE62D7}.Debug|Any CPU.ActiveCfg = Debug|Any CPU
		{084EDA58-7ED3-A411-B05D-955227EE62D7}.Debug|Any CPU.Build.0 = Debug|Any CPU
		{084EDA58-7ED3-A411-B05D-955227EE62D7}.Release|Any CPU.ActiveCfg = Release|Any CPU
		{084EDA58-7ED3-A411-B05D-955227EE62D7}.Release|Any CPU.Build.0 = Release|Any CPU
		{9861B4CB-EB56-6B23-11C4-9850B226529E}.Debug|Any CPU.ActiveCfg = Debug|Any CPU
		{9861B4CB-EB56-6B23-11C4-9850B226529E}.Debug|Any CPU.Build.0 = Debug|Any CPU
		{9861B4CB-EB56-6B23-11C4-9850B226529E}.Release|Any CPU.ActiveCfg = Release|Any CPU
		{9861B4CB-EB56-6B23-11C4-9850B226529E}.Release|Any CPU.Build.0 = Release|Any CPU
		{1685FD0C-5A46-96EE-3665-C3E1AC852609}.Debug|Any CPU.ActiveCfg = Debug|Any CPU
		{1685FD0C-5A46-96EE-3665-C3E1AC852609}.Debug|Any CPU.Build.0 = Debug|Any CPU
		{1685FD0C-5A46-96EE-3665-C3E1AC852609}.Release|Any CPU.ActiveCfg = Release|Any CPU
		{1685FD0C-5A46-96EE-3665-C3E1AC852609}.Release|Any CPU.Build.0 = Release|Any CPU
		{FAB5E9FB-9BE5-075E-EFAB-A258CD83B9AF}.Debug|Any CPU.ActiveCfg = Debug|Any CPU
		{FAB5E9FB-9BE5-075E-EFAB-A258CD83B9AF}.Debug|Any CPU.Build.0 = Debug|Any CPU
		{FAB5E9FB-9BE5-075E-EFAB-A258CD83B9AF}.Release|Any CPU.ActiveCfg = Release|Any CPU
		{FAB5E9FB-9BE5-075E-EFAB-A258CD83B9AF}.Release|Any CPU.Build.0 = Release|Any CPU
		{335506AE-6506-1285-451F-05211EF37C69}.Debug|Any CPU.ActiveCfg = Debug|Any CPU
		{335506AE-6506-1285-451F-05211EF37C69}.Debug|Any CPU.Build.0 = Debug|Any CPU
		{335506AE-6506-1285-451F-05211EF37C69}.Release|Any CPU.ActiveCfg = Release|Any CPU
		{335506AE-6506-1285-451F-05211EF37C69}.Release|Any CPU.Build.0 = Release|Any CPU
		{59FC691B-4CF4-91A2-0ADD-094E6916BE6F}.Debug|Any CPU.ActiveCfg = Debug|Any CPU
		{59FC691B-4CF4-91A2-0ADD-094E6916BE6F}.Debug|Any CPU.Build.0 = Debug|Any CPU
		{59FC691B-4CF4-91A2-0ADD-094E6916BE6F}.Release|Any CPU.ActiveCfg = Release|Any CPU
		{59FC691B-4CF4-91A2-0ADD-094E6916BE6F}.Release|Any CPU.Build.0 = Release|Any CPU
		{43619FE5-71ED-EF48-38F1-45DF7F67B69E}.Debug|Any CPU.ActiveCfg = Debug|Any CPU
		{43619FE5-71ED-EF48-38F1-45DF7F67B69E}.Debug|Any CPU.Build.0 = Debug|Any CPU
		{43619FE5-71ED-EF48-38F1-45DF7F67B69E}.Release|Any CPU.ActiveCfg = Release|Any CPU
		{43619FE5-71ED-EF48-38F1-45DF7F67B69E}.Release|Any CPU.Build.0 = Release|Any CPU
		{9E063651-69B9-855C-E918-1BE6AAF9D009}.Debug|Any CPU.ActiveCfg = Debug|Any CPU
		{9E063651-69B9-855C-E918-1BE6AAF9D009}.Debug|Any CPU.Build.0 = Debug|Any CPU
		{9E063651-69B9-855C-E918-1BE6AAF9D009}.Release|Any CPU.ActiveCfg = Release|Any CPU
		{9E063651-69B9-855C-E918-1BE6AAF9D009}.Release|Any CPU.Build.0 = Release|Any CPU
		{D6DD038D-4E8D-C715-181A-154B1D2823D2}.Debug|Any CPU.ActiveCfg = Debug|Any CPU
		{D6DD038D-4E8D-C715-181A-154B1D2823D2}.Debug|Any CPU.Build.0 = Debug|Any CPU
		{D6DD038D-4E8D-C715-181A-154B1D2823D2}.Release|Any CPU.ActiveCfg = Release|Any CPU
		{D6DD038D-4E8D-C715-181A-154B1D2823D2}.Release|Any CPU.Build.0 = Release|Any CPU
		{2452BA61-F5AC-B62A-1F0C-9D2829714B3F}.Debug|Any CPU.ActiveCfg = Debug|Any CPU
		{2452BA61-F5AC-B62A-1F0C-9D2829714B3F}.Debug|Any CPU.Build.0 = Debug|Any CPU
		{2452BA61-F5AC-B62A-1F0C-9D2829714B3F}.Release|Any CPU.ActiveCfg = Release|Any CPU
		{2452BA61-F5AC-B62A-1F0C-9D2829714B3F}.Release|Any CPU.Build.0 = Release|Any CPU
		{221F40EA-37B4-59F2-9033-6B1F8FCB97D4}.Debug|Any CPU.ActiveCfg = Debug|Any CPU
		{221F40EA-37B4-59F2-9033-6B1F8FCB97D4}.Debug|Any CPU.Build.0 = Debug|Any CPU
		{221F40EA-37B4-59F2-9033-6B1F8FCB97D4}.Release|Any CPU.ActiveCfg = Release|Any CPU
		{221F40EA-37B4-59F2-9033-6B1F8FCB97D4}.Release|Any CPU.Build.0 = Release|Any CPU
		{4D930101-3CA5-8AE5-3C70-3459D31DCF5A}.Debug|Any CPU.ActiveCfg = Debug|Any CPU
		{4D930101-3CA5-8AE5-3C70-3459D31DCF5A}.Debug|Any CPU.Build.0 = Debug|Any CPU
		{4D930101-3CA5-8AE5-3C70-3459D31DCF5A}.Release|Any CPU.ActiveCfg = Release|Any CPU
		{4D930101-3CA5-8AE5-3C70-3459D31DCF5A}.Release|Any CPU.Build.0 = Release|Any CPU
		{CC45ECE0-7C8B-A060-BB4E-8AC9254C3361}.Debug|Any CPU.ActiveCfg = Debug|Any CPU
		{CC45ECE0-7C8B-A060-BB4E-8AC9254C3361}.Debug|Any CPU.Build.0 = Debug|Any CPU
		{CC45ECE0-7C8B-A060-BB4E-8AC9254C3361}.Release|Any CPU.ActiveCfg = Release|Any CPU
		{CC45ECE0-7C8B-A060-BB4E-8AC9254C3361}.Release|Any CPU.Build.0 = Release|Any CPU
		{C5BC47C2-6FE6-5199-6028-43CC9AE11812}.Debug|Any CPU.ActiveCfg = Debug|Any CPU
		{C5BC47C2-6FE6-5199-6028-43CC9AE11812}.Debug|Any CPU.Build.0 = Debug|Any CPU
		{C5BC47C2-6FE6-5199-6028-43CC9AE11812}.Release|Any CPU.ActiveCfg = Release|Any CPU
		{C5BC47C2-6FE6-5199-6028-43CC9AE11812}.Release|Any CPU.Build.0 = Release|Any CPU
		{54B7D24B-F04D-6126-FBBB-35A4E49C8A2D}.Debug|Any CPU.ActiveCfg = Debug|Any CPU
		{54B7D24B-F04D-6126-FBBB-35A4E49C8A2D}.Debug|Any CPU.Build.0 = Debug|Any CPU
		{54B7D24B-F04D-6126-FBBB-35A4E49C8A2D}.Release|Any CPU.ActiveCfg = Release|Any CPU
		{54B7D24B-F04D-6126-FBBB-35A4E49C8A2D}.Release|Any CPU.Build.0 = Release|Any CPU
		{D866BEB9-FE99-884E-1BEE-13E395A490D6}.Debug|Any CPU.ActiveCfg = Debug|Any CPU
		{D866BEB9-FE99-884E-1BEE-13E395A490D6}.Debug|Any CPU.Build.0 = Debug|Any CPU
		{D866BEB9-FE99-884E-1BEE-13E395A490D6}.Release|Any CPU.ActiveCfg = Release|Any CPU
		{D866BEB9-FE99-884E-1BEE-13E395A490D6}.Release|Any CPU.Build.0 = Release|Any CPU
		{4CF19F5E-CA85-4F87-6150-5371E8799D98}.Debug|Any CPU.ActiveCfg = Debug|Any CPU
		{4CF19F5E-CA85-4F87-6150-5371E8799D98}.Debug|Any CPU.Build.0 = Debug|Any CPU
		{4CF19F5E-CA85-4F87-6150-5371E8799D98}.Release|Any CPU.ActiveCfg = Release|Any CPU
		{4CF19F5E-CA85-4F87-6150-5371E8799D98}.Release|Any CPU.Build.0 = Release|Any CPU
	EndGlobalSection
	GlobalSection(SolutionProperties) = preSolution
		HideSolutionNode = FALSE
	EndGlobalSection
EndGlobal
