
Microsoft Visual Studio Solution File, Format Version 12.00
# Visual Studio 15
Project("{FAE04EC0-301F-11D3-BF4B-00C04F79EFBC}") = "UnityEngine.TestRunner", "UnityEngine.TestRunner.csproj", "{1360C3C8-B0A7-A1BA-D573-2947F9837D92}"
EndProject
Project("{FAE04EC0-301F-11D3-BF4B-00C04F79EFBC}") = "Unity.Mathematics", "Unity.Mathematics.csproj", "{243DAEC8-3C4B-238C-32CD-875F322069C6}"
EndProject
Project("{FAE04EC0-301F-11D3-BF4B-00C04F79EFBC}") = "Unity.2D.Animation.Triangle.Runtime", "Unity.2D.Animation.Triangle.Runtime.csproj", "{D7F9C6A1-E109-2125-4A46-D375761F39E6}"
EndProject
Project("{FAE04EC0-301F-11D3-BF4B-00C04F79EFBC}") = "Unity.Timeline", "Unity.Timeline.csproj", "{5F4EBD0B-1A51-B540-FE4E-E9B3C4C05630}"
EndProject
Project("{FAE04EC0-301F-11D3-BF4B-00C04F79EFBC}") = "UnityEngine.UI", "UnityEngine.UI.csproj", "{8F093AB9-D968-B773-D673-2B901753C82A}"
EndProject
Project("{FAE04EC0-301F-11D3-BF4B-00C04F79EFBC}") = "Unity.TextMeshPro", "Unity.TextMeshPro.csproj", "{9D50BEF2-CE9E-0A36-74FD-AE69E91EC5FD}"
EndProject
Project("{FAE04EC0-301F-11D3-BF4B-00C04F79EFBC}") = "Unity.2D.Animation.Runtime", "Unity.2D.Animation.Runtime.csproj", "{64189D4F-0B24-7FC4-31F8-513E76726180}"
EndProject
Project("{FAE04EC0-301F-11D3-BF4B-00C04F79EFBC}") = "Unity.2D.IK.Runtime", "Unity.2D.IK.Runtime.csproj", "{9015338E-37FB-753E-18B1-A1E72C47439C}"
EndProject
Project("{FAE04EC0-301F-11D3-BF4B-00C04F79EFBC}") = "Unity.2D.SpriteShape.Runtime", "Unity.2D.SpriteShape.Runtime.csproj", "{3EAF148D-A3C2-1AF2-7762-5F861D2CCAAD}"
EndProject
Project("{FAE04EC0-301F-11D3-BF4B-00C04F79EFBC}") = "Assembly-CSharp", "Assembly-CSharp.csproj", "{0DE716B1-AB1F-B6AC-3975-2E5D85A670F2}"
EndProject
Project("{FAE04EC0-301F-11D3-BF4B-00C04F79EFBC}") = "Unity.2D.PixelPerfect", "Unity.2D.PixelPerfect.csproj", "{E5CBD3E8-1DD5-DA5B-C150-E1907CC8FA5D}"
EndProject
Project("{FAE04EC0-301F-11D3-BF4B-00C04F79EFBC}") = "Unity.2D.Common.Runtime", "Unity.2D.Common.Runtime.csproj", "{DC4772B9-8E04-3863-931E-D9A8E26DF4EC}"
EndProject
Project("{FAE04EC0-301F-11D3-BF4B-00C04F79EFBC}") = "Unity.InternalAPIEngineBridge.001", "Unity.InternalAPIEngineBridge.001.csproj", "{DCA1F3D5-C32D-4015-7F5C-F25899EF3A3B}"
EndProject
Project("{FAE04EC0-301F-11D3-BF4B-00C04F79EFBC}") = "UnityEditor.TestRunner", "UnityEditor.TestRunner.csproj", "{D1DD266D-32E0-DC71-238C-07F685529038}"
EndProject
Project("{FAE04EC0-301F-11D3-BF4B-00C04F79EFBC}") = "Unity.PlasticSCM.Editor", "Unity.PlasticSCM.Editor.csproj", "{F7F6D907-8A1F-3B0D-11D1-BA04F29D7CED}"
EndProject
Project("{FAE04EC0-301F-11D3-BF4B-00C04F79EFBC}") = "UnityEditor.UI", "UnityEditor.UI.csproj", "{FC906D40-C9A6-8592-BCBC-5F01FE12CAD1}"
EndProject
Project("{FAE04EC0-301F-11D3-BF4B-00C04F79EFBC}") = "Unity.Services.Core.Editor", "Unity.Services.Core.Editor.csproj", "{7CCF2FD7-CB5D-CCB7-1EFE-C9736A6429D6}"
EndProject
Project("{FAE04EC0-301F-11D3-BF4B-00C04F79EFBC}") = "Unity.Timeline.Editor", "Unity.Timeline.Editor.csproj", "{763D4385-4DF8-0A38-D4C2-CC36B2281E1E}"
EndProject
Project("{FAE04EC0-301F-11D3-BF4B-00C04F79EFBC}") = "Unity.VisualStudio.Editor", "Unity.VisualStudio.Editor.csproj", "{8DCF3082-96A9-D1E8-C318-A5792EB9A7B2}"
EndProject
Project("{FAE04EC0-301F-11D3-BF4B-00C04F79EFBC}") = "Unity.2D.Psdimporter.Editor", "Unity.2D.Psdimporter.Editor.csproj", "{54275CB3-44C3-3375-CCAA-A7CEFCCB2584}"
EndProject
Project("{FAE04EC0-301F-11D3-BF4B-00C04F79EFBC}") = "Unity.2D.Animation.Editor", "Unity.2D.Animation.Editor.csproj", "{DA0C3640-DC61-3591-D111-A05BA6B93F3D}"
EndProject
Project("{FAE04EC0-301F-11D3-BF4B-00C04F79EFBC}") = "Unity.TextMeshPro.Editor", "Unity.TextMeshPro.Editor.csproj", "{7C90BB91-846D-39B2-36B4-2E74F83AF1D0}"
EndProject
Project("{FAE04EC0-301F-11D3-BF4B-00C04F79EFBC}") = "Unity.2D.SpriteShape.Editor", "Unity.2D.SpriteShape.Editor.csproj", "{3E84DC44-187A-D7E2-58A7-6F7A34119557}"
EndProject
Project("{FAE04EC0-301F-11D3-BF4B-00C04F79EFBC}") = "Unity.CollabProxy.Editor", "Unity.CollabProxy.Editor.csproj", "{25A89649-752E-AA6E-DCD3-04D0F5421B99}"
EndProject
Project("{FAE04EC0-301F-11D3-BF4B-00C04F79EFBC}") = "PsdPlugin", "PsdPlugin.csproj", "{42B7BA57-8FA8-3353-0FF1-23333D02609F}"
EndProject
Project("{FAE04EC0-301F-11D3-BF4B-00C04F79EFBC}") = "Unity.2D.Path.Editor", "Unity.2D.Path.Editor.csproj", "{157F8F40-DE4E-8AC5-F509-06DAB1325B96}"
EndProject
Project("{FAE04EC0-301F-11D3-BF4B-00C04F79EFBC}") = "Unity.Rider.Editor", "Unity.Rider.Editor.csproj", "{FC137054-4200-2C98-A6C1-5BF724000241}"
EndProject
Project("{FAE04EC0-301F-11D3-BF4B-00C04F79EFBC}") = "Unity.2D.IK.Editor", "Unity.2D.IK.Editor.csproj", "{7731680D-0BE4-041D-7819-DA9A489A5C0D}"
EndProject
Project("{FAE04EC0-301F-11D3-BF4B-00C04F79EFBC}") = "Unity.2D.Sprite.Editor", "Unity.2D.Sprite.Editor.csproj", "{772E4100-6327-8D82-0C4A-2F9E30D08076}"
EndProject
Project("{FAE04EC0-301F-11D3-BF4B-00C04F79EFBC}") = "Unity.2D.Tilemap.Editor", "Unity.2D.Tilemap.Editor.csproj", "{48153C10-7694-3DD6-723C-19E69ED764B2}"
EndProject
Project("{FAE04EC0-301F-11D3-BF4B-00C04F79EFBC}") = "Unity.2D.PixelPerfect.Editor", "Unity.2D.PixelPerfect.Editor.csproj", "{348E954E-16F4-93FD-0A05-2A64A19D49F1}"
EndProject
Project("{FAE04EC0-301F-11D3-BF4B-00C04F79EFBC}") = "Unity.VSCode.Editor", "Unity.VSCode.Editor.csproj", "{E8E45479-F2C8-9F90-65A4-F1FBE8485AEA}"
EndProject
Project("{FAE04EC0-301F-11D3-BF4B-00C04F79EFBC}") = "Unity.2D.Common.Editor", "Unity.2D.Common.Editor.csproj", "{3847BF62-B490-B18D-0DFD-5B4722CFAB70}"
EndProject
Project("{FAE04EC0-301F-11D3-BF4B-00C04F79EFBC}") = "Unity.Mathematics.Editor", "Unity.Mathematics.Editor.csproj", "{ADBB8507-B907-EE7A-1507-4F8B51C5520D}"
EndProject
Project("{FAE04EC0-301F-11D3-BF4B-00C04F79EFBC}") = "Unity.InternalAPIEditorBridge.001", "Unity.InternalAPIEditorBridge.001.csproj", "{4F0C4325-EDF8-B1AE-EACF-EC2F93FF099E}"
EndProject
Global
	GlobalSection(SolutionConfigurationPlatforms) = preSolution
		Debug|Any CPU = Debug|Any CPU
		Release|Any CPU = Release|Any CPU
	EndGlobalSection
	GlobalSection(ProjectConfigurationPlatforms) = postSolution
		{1360C3C8-B0A7-A1BA-D573-2947F9837D92}.Debug|Any CPU.ActiveCfg = Debug|Any CPU
		{1360C3C8-B0A7-A1BA-D573-2947F9837D92}.Debug|Any CPU.Build.0 = Debug|Any CPU
		{1360C3C8-B0A7-A1BA-D573-2947F9837D92}.Release|Any CPU.ActiveCfg = Release|Any CPU
		{1360C3C8-B0A7-A1BA-D573-2947F9837D92}.Release|Any CPU.Build.0 = Release|Any CPU
		{243DAEC8-3C4B-238C-32CD-875F322069C6}.Debug|Any CPU.ActiveCfg = Debug|Any CPU
		{243DAEC8-3C4B-238C-32CD-875F322069C6}.Debug|Any CPU.Build.0 = Debug|Any CPU
		{243DAEC8-3C4B-238C-32CD-875F322069C6}.Release|Any CPU.ActiveCfg = Release|Any CPU
		{243DAEC8-3C4B-238C-32CD-875F322069C6}.Release|Any CPU.Build.0 = Release|Any CPU
		{D7F9C6A1-E109-2125-4A46-D375761F39E6}.Debug|Any CPU.ActiveCfg = Debug|Any CPU
		{D7F9C6A1-E109-2125-4A46-D375761F39E6}.Debug|Any CPU.Build.0 = Debug|Any CPU
		{D7F9C6A1-E109-2125-4A46-D375761F39E6}.Release|Any CPU.ActiveCfg = Release|Any CPU
		{D7F9C6A1-E109-2125-4A46-D375761F39E6}.Release|Any CPU.Build.0 = Release|Any CPU
		{5F4EBD0B-1A51-B540-FE4E-E9B3C4C05630}.Debug|Any CPU.ActiveCfg = Debug|Any CPU
		{5F4EBD0B-1A51-B540-FE4E-E9B3C4C05630}.Debug|Any CPU.Build.0 = Debug|Any CPU
		{5F4EBD0B-1A51-B540-FE4E-E9B3C4C05630}.Release|Any CPU.ActiveCfg = Release|Any CPU
		{5F4EBD0B-1A51-B540-FE4E-E9B3C4C05630}.Release|Any CPU.Build.0 = Release|Any CPU
		{8F093AB9-D968-B773-D673-2B901753C82A}.Debug|Any CPU.ActiveCfg = Debug|Any CPU
		{8F093AB9-D968-B773-D673-2B901753C82A}.Debug|Any CPU.Build.0 = Debug|Any CPU
		{8F093AB9-D968-B773-D673-2B901753C82A}.Release|Any CPU.ActiveCfg = Release|Any CPU
		{8F093AB9-D968-B773-D673-2B901753C82A}.Release|Any CPU.Build.0 = Release|Any CPU
		{9D50BEF2-CE9E-0A36-74FD-AE69E91EC5FD}.Debug|Any CPU.ActiveCfg = Debug|Any CPU
		{9D50BEF2-CE9E-0A36-74FD-AE69E91EC5FD}.Debug|Any CPU.Build.0 = Debug|Any CPU
		{9D50BEF2-CE9E-0A36-74FD-AE69E91EC5FD}.Release|Any CPU.ActiveCfg = Release|Any CPU
		{9D50BEF2-CE9E-0A36-74FD-AE69E91EC5FD}.Release|Any CPU.Build.0 = Release|Any CPU
		{64189D4F-0B24-7FC4-31F8-513E76726180}.Debug|Any CPU.ActiveCfg = Debug|Any CPU
		{64189D4F-0B24-7FC4-31F8-513E76726180}.Debug|Any CPU.Build.0 = Debug|Any CPU
		{64189D4F-0B24-7FC4-31F8-513E76726180}.Release|Any CPU.ActiveCfg = Release|Any CPU
		{64189D4F-0B24-7FC4-31F8-513E76726180}.Release|Any CPU.Build.0 = Release|Any CPU
		{9015338E-37FB-753E-18B1-A1E72C47439C}.Debug|Any CPU.ActiveCfg = Debug|Any CPU
		{9015338E-37FB-753E-18B1-A1E72C47439C}.Debug|Any CPU.Build.0 = Debug|Any CPU
		{9015338E-37FB-753E-18B1-A1E72C47439C}.Release|Any CPU.ActiveCfg = Release|Any CPU
		{9015338E-37FB-753E-18B1-A1E72C47439C}.Release|Any CPU.Build.0 = Release|Any CPU
		{3EAF148D-A3C2-1AF2-7762-5F861D2CCAAD}.Debug|Any CPU.ActiveCfg = Debug|Any CPU
		{3EAF148D-A3C2-1AF2-7762-5F861D2CCAAD}.Debug|Any CPU.Build.0 = Debug|Any CPU
		{3EAF148D-A3C2-1AF2-7762-5F861D2CCAAD}.Release|Any CPU.ActiveCfg = Release|Any CPU
		{3EAF148D-A3C2-1AF2-7762-5F861D2CCAAD}.Release|Any CPU.Build.0 = Release|Any CPU
		{0DE716B1-AB1F-B6AC-3975-2E5D85A670F2}.Debug|Any CPU.ActiveCfg = Debug|Any CPU
		{0DE716B1-AB1F-B6AC-3975-2E5D85A670F2}.Debug|Any CPU.Build.0 = Debug|Any CPU
		{0DE716B1-AB1F-B6AC-3975-2E5D85A670F2}.Release|Any CPU.ActiveCfg = Release|Any CPU
		{0DE716B1-AB1F-B6AC-3975-2E5D85A670F2}.Release|Any CPU.Build.0 = Release|Any CPU
		{E5CBD3E8-1DD5-DA5B-C150-E1907CC8FA5D}.Debug|Any CPU.ActiveCfg = Debug|Any CPU
		{E5CBD3E8-1DD5-DA5B-C150-E1907CC8FA5D}.Debug|Any CPU.Build.0 = Debug|Any CPU
		{E5CBD3E8-1DD5-DA5B-C150-E1907CC8FA5D}.Release|Any CPU.ActiveCfg = Release|Any CPU
		{E5CBD3E8-1DD5-DA5B-C150-E1907CC8FA5D}.Release|Any CPU.Build.0 = Release|Any CPU
		{DC4772B9-8E04-3863-931E-D9A8E26DF4EC}.Debug|Any CPU.ActiveCfg = Debug|Any CPU
		{DC4772B9-8E04-3863-931E-D9A8E26DF4EC}.Debug|Any CPU.Build.0 = Debug|Any CPU
		{DC4772B9-8E04-3863-931E-D9A8E26DF4EC}.Release|Any CPU.ActiveCfg = Release|Any CPU
		{DC4772B9-8E04-3863-931E-D9A8E26DF4EC}.Release|Any CPU.Build.0 = Release|Any CPU
		{DCA1F3D5-C32D-4015-7F5C-F25899EF3A3B}.Debug|Any CPU.ActiveCfg = Debug|Any CPU
		{DCA1F3D5-C32D-4015-7F5C-F25899EF3A3B}.Debug|Any CPU.Build.0 = Debug|Any CPU
		{DCA1F3D5-C32D-4015-7F5C-F25899EF3A3B}.Release|Any CPU.ActiveCfg = Release|Any CPU
		{DCA1F3D5-C32D-4015-7F5C-F25899EF3A3B}.Release|Any CPU.Build.0 = Release|Any CPU
		{D1DD266D-32E0-DC71-238C-07F685529038}.Debug|Any CPU.ActiveCfg = Debug|Any CPU
		{D1DD266D-32E0-DC71-238C-07F685529038}.Debug|Any CPU.Build.0 = Debug|Any CPU
		{D1DD266D-32E0-DC71-238C-07F685529038}.Release|Any CPU.ActiveCfg = Release|Any CPU
		{D1DD266D-32E0-DC71-238C-07F685529038}.Release|Any CPU.Build.0 = Release|Any CPU
		{F7F6D907-8A1F-3B0D-11D1-BA04F29D7CED}.Debug|Any CPU.ActiveCfg = Debug|Any CPU
		{F7F6D907-8A1F-3B0D-11D1-BA04F29D7CED}.Debug|Any CPU.Build.0 = Debug|Any CPU
		{F7F6D907-8A1F-3B0D-11D1-BA04F29D7CED}.Release|Any CPU.ActiveCfg = Release|Any CPU
		{F7F6D907-8A1F-3B0D-11D1-BA04F29D7CED}.Release|Any CPU.Build.0 = Release|Any CPU
		{FC906D40-C9A6-8592-BCBC-5F01FE12CAD1}.Debug|Any CPU.ActiveCfg = Debug|Any CPU
		{FC906D40-C9A6-8592-BCBC-5F01FE12CAD1}.Debug|Any CPU.Build.0 = Debug|Any CPU
		{FC906D40-C9A6-8592-BCBC-5F01FE12CAD1}.Release|Any CPU.ActiveCfg = Release|Any CPU
		{FC906D40-C9A6-8592-BCBC-5F01FE12CAD1}.Release|Any CPU.Build.0 = Release|Any CPU
		{7CCF2FD7-CB5D-CCB7-1EFE-C9736A6429D6}.Debug|Any CPU.ActiveCfg = Debug|Any CPU
		{7CCF2FD7-CB5D-CCB7-1EFE-C9736A6429D6}.Debug|Any CPU.Build.0 = Debug|Any CPU
		{7CCF2FD7-CB5D-CCB7-1EFE-C9736A6429D6}.Release|Any CPU.ActiveCfg = Release|Any CPU
		{7CCF2FD7-CB5D-CCB7-1EFE-C9736A6429D6}.Release|Any CPU.Build.0 = Release|Any CPU
		{763D4385-4DF8-0A38-D4C2-CC36B2281E1E}.Debug|Any CPU.ActiveCfg = Debug|Any CPU
		{763D4385-4DF8-0A38-D4C2-CC36B2281E1E}.Debug|Any CPU.Build.0 = Debug|Any CPU
		{763D4385-4DF8-0A38-D4C2-CC36B2281E1E}.Release|Any CPU.ActiveCfg = Release|Any CPU
		{763D4385-4DF8-0A38-D4C2-CC36B2281E1E}.Release|Any CPU.Build.0 = Release|Any CPU
		{8DCF3082-96A9-D1E8-C318-A5792EB9A7B2}.Debug|Any CPU.ActiveCfg = Debug|Any CPU
		{8DCF3082-96A9-D1E8-C318-A5792EB9A7B2}.Debug|Any CPU.Build.0 = Debug|Any CPU
		{8DCF3082-96A9-D1E8-C318-A5792EB9A7B2}.Release|Any CPU.ActiveCfg = Release|Any CPU
		{8DCF3082-96A9-D1E8-C318-A5792EB9A7B2}.Release|Any CPU.Build.0 = Release|Any CPU
		{54275CB3-44C3-3375-CCAA-A7CEFCCB2584}.Debug|Any CPU.ActiveCfg = Debug|Any CPU
		{54275CB3-44C3-3375-CCAA-A7CEFCCB2584}.Debug|Any CPU.Build.0 = Debug|Any CPU
		{54275CB3-44C3-3375-CCAA-A7CEFCCB2584}.Release|Any CPU.ActiveCfg = Release|Any CPU
		{54275CB3-44C3-3375-CCAA-A7CEFCCB2584}.Release|Any CPU.Build.0 = Release|Any CPU
		{DA0C3640-DC61-3591-D111-A05BA6B93F3D}.Debug|Any CPU.ActiveCfg = Debug|Any CPU
		{DA0C3640-DC61-3591-D111-A05BA6B93F3D}.Debug|Any CPU.Build.0 = Debug|Any CPU
		{DA0C3640-DC61-3591-D111-A05BA6B93F3D}.Release|Any CPU.ActiveCfg = Release|Any CPU
		{DA0C3640-DC61-3591-D111-A05BA6B93F3D}.Release|Any CPU.Build.0 = Release|Any CPU
		{7C90BB91-846D-39B2-36B4-2E74F83AF1D0}.Debug|Any CPU.ActiveCfg = Debug|Any CPU
		{7C90BB91-846D-39B2-36B4-2E74F83AF1D0}.Debug|Any CPU.Build.0 = Debug|Any CPU
		{7C90BB91-846D-39B2-36B4-2E74F83AF1D0}.Release|Any CPU.ActiveCfg = Release|Any CPU
		{7C90BB91-846D-39B2-36B4-2E74F83AF1D0}.Release|Any CPU.Build.0 = Release|Any CPU
		{3E84DC44-187A-D7E2-58A7-6F7A34119557}.Debug|Any CPU.ActiveCfg = Debug|Any CPU
		{3E84DC44-187A-D7E2-58A7-6F7A34119557}.Debug|Any CPU.Build.0 = Debug|Any CPU
		{3E84DC44-187A-D7E2-58A7-6F7A34119557}.Release|Any CPU.ActiveCfg = Release|Any CPU
		{3E84DC44-187A-D7E2-58A7-6F7A34119557}.Release|Any CPU.Build.0 = Release|Any CPU
		{25A89649-752E-AA6E-DCD3-04D0F5421B99}.Debug|Any CPU.ActiveCfg = Debug|Any CPU
		{25A89649-752E-AA6E-DCD3-04D0F5421B99}.Debug|Any CPU.Build.0 = Debug|Any CPU
		{25A89649-752E-AA6E-DCD3-04D0F5421B99}.Release|Any CPU.ActiveCfg = Release|Any CPU
		{25A89649-752E-AA6E-DCD3-04D0F5421B99}.Release|Any CPU.Build.0 = Release|Any CPU
		{42B7BA57-8FA8-3353-0FF1-23333D02609F}.Debug|Any CPU.ActiveCfg = Debug|Any CPU
		{42B7BA57-8FA8-3353-0FF1-23333D02609F}.Debug|Any CPU.Build.0 = Debug|Any CPU
		{42B7BA57-8FA8-3353-0FF1-23333D02609F}.Release|Any CPU.ActiveCfg = Release|Any CPU
		{42B7BA57-8FA8-3353-0FF1-23333D02609F}.Release|Any CPU.Build.0 = Release|Any CPU
		{157F8F40-DE4E-8AC5-F509-06DAB1325B96}.Debug|Any CPU.ActiveCfg = Debug|Any CPU
		{157F8F40-DE4E-8AC5-F509-06DAB1325B96}.Debug|Any CPU.Build.0 = Debug|Any CPU
		{157F8F40-DE4E-8AC5-F509-06DAB1325B96}.Release|Any CPU.ActiveCfg = Release|Any CPU
		{157F8F40-DE4E-8AC5-F509-06DAB1325B96}.Release|Any CPU.Build.0 = Release|Any CPU
		{FC137054-4200-2C98-A6C1-5BF724000241}.Debug|Any CPU.ActiveCfg = Debug|Any CPU
		{FC137054-4200-2C98-A6C1-5BF724000241}.Debug|Any CPU.Build.0 = Debug|Any CPU
		{FC137054-4200-2C98-A6C1-5BF724000241}.Release|Any CPU.ActiveCfg = Release|Any CPU
		{FC137054-4200-2C98-A6C1-5BF724000241}.Release|Any CPU.Build.0 = Release|Any CPU
		{7731680D-0BE4-041D-7819-DA9A489A5C0D}.Debug|Any CPU.ActiveCfg = Debug|Any CPU
		{7731680D-0BE4-041D-7819-DA9A489A5C0D}.Debug|Any CPU.Build.0 = Debug|Any CPU
		{7731680D-0BE4-041D-7819-DA9A489A5C0D}.Release|Any CPU.ActiveCfg = Release|Any CPU
		{7731680D-0BE4-041D-7819-DA9A489A5C0D}.Release|Any CPU.Build.0 = Release|Any CPU
		{772E4100-6327-8D82-0C4A-2F9E30D08076}.Debug|Any CPU.ActiveCfg = Debug|Any CPU
		{772E4100-6327-8D82-0C4A-2F9E30D08076}.Debug|Any CPU.Build.0 = Debug|Any CPU
		{772E4100-6327-8D82-0C4A-2F9E30D08076}.Release|Any CPU.ActiveCfg = Release|Any CPU
		{772E4100-6327-8D82-0C4A-2F9E30D08076}.Release|Any CPU.Build.0 = Release|Any CPU
		{48153C10-7694-3DD6-723C-19E69ED764B2}.Debug|Any CPU.ActiveCfg = Debug|Any CPU
		{48153C10-7694-3DD6-723C-19E69ED764B2}.Debug|Any CPU.Build.0 = Debug|Any CPU
		{48153C10-7694-3DD6-723C-19E69ED764B2}.Release|Any CPU.ActiveCfg = Release|Any CPU
		{48153C10-7694-3DD6-723C-19E69ED764B2}.Release|Any CPU.Build.0 = Release|Any CPU
		{348E954E-16F4-93FD-0A05-2A64A19D49F1}.Debug|Any CPU.ActiveCfg = Debug|Any CPU
		{348E954E-16F4-93FD-0A05-2A64A19D49F1}.Debug|Any CPU.Build.0 = Debug|Any CPU
		{348E954E-16F4-93FD-0A05-2A64A19D49F1}.Release|Any CPU.ActiveCfg = Release|Any CPU
		{348E954E-16F4-93FD-0A05-2A64A19D49F1}.Release|Any CPU.Build.0 = Release|Any CPU
		{E8E45479-F2C8-9F90-65A4-F1FBE8485AEA}.Debug|Any CPU.ActiveCfg = Debug|Any CPU
		{E8E45479-F2C8-9F90-65A4-F1FBE8485AEA}.Debug|Any CPU.Build.0 = Debug|Any CPU
		{E8E45479-F2C8-9F90-65A4-F1FBE8485AEA}.Release|Any CPU.ActiveCfg = Release|Any CPU
		{E8E45479-F2C8-9F90-65A4-F1FBE8485AEA}.Release|Any CPU.Build.0 = Release|Any CPU
		{3847BF62-B490-B18D-0DFD-5B4722CFAB70}.Debug|Any CPU.ActiveCfg = Debug|Any CPU
		{3847BF62-B490-B18D-0DFD-5B4722CFAB70}.Debug|Any CPU.Build.0 = Debug|Any CPU
		{3847BF62-B490-B18D-0DFD-5B4722CFAB70}.Release|Any CPU.ActiveCfg = Release|Any CPU
		{3847BF62-B490-B18D-0DFD-5B4722CFAB70}.Release|Any CPU.Build.0 = Release|Any CPU
		{ADBB8507-B907-EE7A-1507-4F8B51C5520D}.Debug|Any CPU.ActiveCfg = Debug|Any CPU
		{ADBB8507-B907-EE7A-1507-4F8B51C5520D}.Debug|Any CPU.Build.0 = Debug|Any CPU
		{ADBB8507-B907-EE7A-1507-4F8B51C5520D}.Release|Any CPU.ActiveCfg = Release|Any CPU
		{ADBB8507-B907-EE7A-1507-4F8B51C5520D}.Release|Any CPU.Build.0 = Release|Any CPU
		{4F0C4325-EDF8-B1AE-EACF-EC2F93FF099E}.Debug|Any CPU.ActiveCfg = Debug|Any CPU
		{4F0C4325-EDF8-B1AE-EACF-EC2F93FF099E}.Debug|Any CPU.Build.0 = Debug|Any CPU
		{4F0C4325-EDF8-B1AE-EACF-EC2F93FF099E}.Release|Any CPU.ActiveCfg = Release|Any CPU
		{4F0C4325-EDF8-B1AE-EACF-EC2F93FF099E}.Release|Any CPU.Build.0 = Release|Any CPU
	EndGlobalSection
	GlobalSection(SolutionProperties) = preSolution
		HideSolutionNode = FALSE
	EndGlobalSection
EndGlobal
